
Microsoft Visual Studio Solution File, Format Version 12.00
# Visual Studio Version 17
VisualStudioVersion = 17.5.33502.453
MinimumVisualStudioVersion = 10.0.40219.1
Project("{2150E333-8FDC-42A3-9474-1A3956D46DE8}") = "src", "src", "{A6E30E85-88E0-402E-8F2A-07DCE7864B96}"
EndProject
Project("{2150E333-8FDC-42A3-9474-1A3956D46DE8}") = "tests", "tests", "{899FCEBB-B59E-4004-934D-FD5D1AAA1692}"
EndProject
Project("{FAE04EC0-301F-11D3-BF4B-00C04F79EFBC}") = "DigitalBank.API", "src\DigitalBank.API\DigitalBank.API.csproj", "{F931E073-BE84-402D-9916-C324DC427A54}"
EndProject
Project("{FAE04EC0-301F-11D3-BF4B-00C04F79EFBC}") = "DigitalBank.Domain", "src\DigitalBank.Domain\DigitalBank.Domain.csproj", "{C8105D06-A473-4397-ACB5-93CBE5654909}"
EndProject
Project("{FAE04EC0-301F-11D3-BF4B-00C04F79EFBC}") = "DigitalBank.Infra", "src\DigitalBank.Infra\DigitalBank.Infra.csproj", "{78BF7ECD-3344-4CD0-AAE3-1F737A33FEF3}"
EndProject
Project("{FAE04EC0-301F-11D3-BF4B-00C04F79EFBC}") = "Infra.IoC", "src\Infra.IoC\Infra.IoC.csproj", "{00CDDEBF-0B10-4776-B3FA-D42AB985BF6E}"
EndProject
Global
	GlobalSection(SolutionConfigurationPlatforms) = preSolution
		Debug|Any CPU = Debug|Any CPU
		Release|Any CPU = Release|Any CPU
	EndGlobalSection
	GlobalSection(ProjectConfigurationPlatforms) = postSolution
		{F931E073-BE84-402D-9916-C324DC427A54}.Debug|Any CPU.ActiveCfg = Debug|Any CPU
		{F931E073-BE84-402D-9916-C324DC427A54}.Debug|Any CPU.Build.0 = Debug|Any CPU
		{F931E073-BE84-402D-9916-C324DC427A54}.Release|Any CPU.ActiveCfg = Release|Any CPU
		{F931E073-BE84-402D-9916-C324DC427A54}.Release|Any CPU.Build.0 = Release|Any CPU
		{C8105D06-A473-4397-ACB5-93CBE5654909}.Debug|Any CPU.ActiveCfg = Debug|Any CPU
		{C8105D06-A473-4397-ACB5-93CBE5654909}.Debug|Any CPU.Build.0 = Debug|Any CPU
		{C8105D06-A473-4397-ACB5-93CBE5654909}.Release|Any CPU.ActiveCfg = Release|Any CPU
		{C8105D06-A473-4397-ACB5-93CBE5654909}.Release|Any CPU.Build.0 = Release|Any CPU
		{78BF7ECD-3344-4CD0-AAE3-1F737A33FEF3}.Debug|Any CPU.ActiveCfg = Debug|Any CPU
		{78BF7ECD-3344-4CD0-AAE3-1F737A33FEF3}.Debug|Any CPU.Build.0 = Debug|Any CPU
		{78BF7ECD-3344-4CD0-AAE3-1F737A33FEF3}.Release|Any CPU.ActiveCfg = Release|Any CPU
		{78BF7ECD-3344-4CD0-AAE3-1F737A33FEF3}.Release|Any CPU.Build.0 = Release|Any CPU
		{00CDDEBF-0B10-4776-B3FA-D42AB985BF6E}.Debug|Any CPU.ActiveCfg = Debug|Any CPU
		{00CDDEBF-0B10-4776-B3FA-D42AB985BF6E}.Debug|Any CPU.Build.0 = Debug|Any CPU
		{00CDDEBF-0B10-4776-B3FA-D42AB985BF6E}.Release|Any CPU.ActiveCfg = Release|Any CPU
		{00CDDEBF-0B10-4776-B3FA-D42AB985BF6E}.Release|Any CPU.Build.0 = Release|Any CPU
	EndGlobalSection
	GlobalSection(SolutionProperties) = preSolution
		HideSolutionNode = FALSE
	EndGlobalSection
	GlobalSection(NestedProjects) = preSolution
		{F931E073-BE84-402D-9916-C324DC427A54} = {A6E30E85-88E0-402E-8F2A-07DCE7864B96}
		{C8105D06-A473-4397-ACB5-93CBE5654909} = {A6E30E85-88E0-402E-8F2A-07DCE7864B96}
		{78BF7ECD-3344-4CD0-AAE3-1F737A33FEF3} = {A6E30E85-88E0-402E-8F2A-07DCE7864B96}
		{00CDDEBF-0B10-4776-B3FA-D42AB985BF6E} = {A6E30E85-88E0-402E-8F2A-07DCE7864B96}
	EndGlobalSection
	GlobalSection(ExtensibilityGlobals) = postSolution
		SolutionGuid = {05FE7BA3-E88C-4A86-990C-1BCA676EAAC3}
	EndGlobalSection
EndGlobal
